
Microsoft Visual Studio Solution File, Format Version 12.00
# Visual Studio Version 16
VisualStudioVersion = 16.0.29911.84
MinimumVisualStudioVersion = 10.0.40219.1
Project("{FAE04EC0-301F-11D3-BF4B-00C04F79EFBC}") = "API", "API\API.csproj", "{0AF0B15C-E93A-41EA-A9AF-AEBED9414545}"
EndProject
Project("{FAE04EC0-301F-11D3-BF4B-00C04F79EFBC}") = "Tests", "Tests\Tests.csproj", "{887559EF-BF4F-4DDE-B9DF-5D86D0B2839E}"
EndProject
Project("{FAE04EC0-301F-11D3-BF4B-00C04F79EFBC}") = "Data", "Data\Data.csproj", "{ED7C2642-4575-414A-9546-6E927F15F186}"
EndProject
Project("{FAE04EC0-301F-11D3-BF4B-00C04F79EFBC}") = "Services", "Services\Services.csproj", "{68EB4CE7-23E8-4589-A871-6EC598DBCC4D}"
EndProject
Project("{FAE04EC0-301F-11D3-BF4B-00C04F79EFBC}") = "Models", "Models\Models.csproj", "{760D8588-6AE3-44E0-BEFF-F8876EF226CD}"
EndProject
Project("{FAE04EC0-301F-11D3-BF4B-00C04F79EFBC}") = "Contracts", "Contracts\Contracts.csproj", "{5EA86036-39E7-4204-8094-D43599AC6663}"
EndProject
Global
	GlobalSection(SolutionConfigurationPlatforms) = preSolution
		Debug|Any CPU = Debug|Any CPU
		Release|Any CPU = Release|Any CPU
	EndGlobalSection
	GlobalSection(ProjectConfigurationPlatforms) = postSolution
		{0AF0B15C-E93A-41EA-A9AF-AEBED9414545}.Debug|Any CPU.ActiveCfg = Debug|Any CPU
		{0AF0B15C-E93A-41EA-A9AF-AEBED9414545}.Debug|Any CPU.Build.0 = Debug|Any CPU
		{0AF0B15C-E93A-41EA-A9AF-AEBED9414545}.Release|Any CPU.ActiveCfg = Release|Any CPU
		{0AF0B15C-E93A-41EA-A9AF-AEBED9414545}.Release|Any CPU.Build.0 = Release|Any CPU
		{887559EF-BF4F-4DDE-B9DF-5D86D0B2839E}.Debug|Any CPU.ActiveCfg = Debug|Any CPU
		{887559EF-BF4F-4DDE-B9DF-5D86D0B2839E}.Debug|Any CPU.Build.0 = Debug|Any CPU
		{887559EF-BF4F-4DDE-B9DF-5D86D0B2839E}.Release|Any CPU.ActiveCfg = Release|Any CPU
		{887559EF-BF4F-4DDE-B9DF-5D86D0B2839E}.Release|Any CPU.Build.0 = Release|Any CPU
		{ED7C2642-4575-414A-9546-6E927F15F186}.Debug|Any CPU.ActiveCfg = Debug|Any CPU
		{ED7C2642-4575-414A-9546-6E927F15F186}.Debug|Any CPU.Build.0 = Debug|Any CPU
		{ED7C2642-4575-414A-9546-6E927F15F186}.Release|Any CPU.ActiveCfg = Release|Any CPU
		{ED7C2642-4575-414A-9546-6E927F15F186}.Release|Any CPU.Build.0 = Release|Any CPU
		{68EB4CE7-23E8-4589-A871-6EC598DBCC4D}.Debug|Any CPU.ActiveCfg = Debug|Any CPU
		{68EB4CE7-23E8-4589-A871-6EC598DBCC4D}.Debug|Any CPU.Build.0 = Debug|Any CPU
		{68EB4CE7-23E8-4589-A871-6EC598DBCC4D}.Release|Any CPU.ActiveCfg = Release|Any CPU
		{68EB4CE7-23E8-4589-A871-6EC598DBCC4D}.Release|Any CPU.Build.0 = Release|Any CPU
		{760D8588-6AE3-44E0-BEFF-F8876EF226CD}.Debug|Any CPU.ActiveCfg = Debug|Any CPU
		{760D8588-6AE3-44E0-BEFF-F8876EF226CD}.Debug|Any CPU.Build.0 = Debug|Any CPU
		{760D8588-6AE3-44E0-BEFF-F8876EF226CD}.Release|Any CPU.ActiveCfg = Release|Any CPU
		{760D8588-6AE3-44E0-BEFF-F8876EF226CD}.Release|Any CPU.Build.0 = Release|Any CPU
		{5EA86036-39E7-4204-8094-D43599AC6663}.Debug|Any CPU.ActiveCfg = Debug|Any CPU
		{5EA86036-39E7-4204-8094-D43599AC6663}.Debug|Any CPU.Build.0 = Debug|Any CPU
		{5EA86036-39E7-4204-8094-D43599AC6663}.Release|Any CPU.ActiveCfg = Release|Any CPU
		{5EA86036-39E7-4204-8094-D43599AC6663}.Release|Any CPU.Build.0 = Release|Any CPU
	EndGlobalSection
	GlobalSection(SolutionProperties) = preSolution
		HideSolutionNode = FALSE
	EndGlobalSection
	GlobalSection(ExtensibilityGlobals) = postSolution
		SolutionGuid = {4A7E3DC3-D765-4675-A96D-3B196E18994D}
	EndGlobalSection
EndGlobal
