
Microsoft Visual Studio Solution File, Format Version 12.00
# Visual Studio Version 16
VisualStudioVersion = 16.0.29926.136
MinimumVisualStudioVersion = 10.0.40219.1
Project("{FAE04EC0-301F-11D3-BF4B-00C04F79EFBC}") = "GoFreelance.WebAPI", "GoFreelance.WebAPI\GoFreelance.WebAPI.csproj", "{D386F455-AF7A-4736-BC42-91C288BB7C1E}"
EndProject
Global
	GlobalSection(SolutionConfigurationPlatforms) = preSolution
		Debug|Any CPU = Debug|Any CPU
		Release|Any CPU = Release|Any CPU
	EndGlobalSection
	GlobalSection(ProjectConfigurationPlatforms) = postSolution
		{D386F455-AF7A-4736-BC42-91C288BB7C1E}.Debug|Any CPU.ActiveCfg = Debug|Any CPU
		{D386F455-AF7A-4736-BC42-91C288BB7C1E}.Debug|Any CPU.Build.0 = Debug|Any CPU
		{D386F455-AF7A-4736-BC42-91C288BB7C1E}.Release|Any CPU.ActiveCfg = Release|Any CPU
		{D386F455-AF7A-4736-BC42-91C288BB7C1E}.Release|Any CPU.Build.0 = Release|Any CPU
	EndGlobalSection
	GlobalSection(SolutionProperties) = preSolution
		HideSolutionNode = FALSE
	EndGlobalSection
	GlobalSection(ExtensibilityGlobals) = postSolution
		SolutionGuid = {A9518A98-2CBB-4FB3-805E-3D8A43196BF5}
	EndGlobalSection
EndGlobal
