
Microsoft Visual Studio Solution File, Format Version 12.00
# Visual Studio Version 16
VisualStudioVersion = 16.0.29926.136
MinimumVisualStudioVersion = 10.0.40219.1
Project("{FAE04EC0-301F-11D3-BF4B-00C04F79EFBC}") = "DevWork", "DevWork\DevWork.csproj", "{76CB1E68-26D3-4941-828A-BF3D4E22A358}"
EndProject
Project("{FAE04EC0-301F-11D3-BF4B-00C04F79EFBC}") = "Data", "Data\Data.csproj", "{E1F8610B-2673-4346-AFC3-D5142C515F37}"
EndProject
Project("{FAE04EC0-301F-11D3-BF4B-00C04F79EFBC}") = "Services", "Services\Services.csproj", "{4D5C8A2B-546B-4599-8922-D43D1A4EE9A1}"
EndProject
Project("{FAE04EC0-301F-11D3-BF4B-00C04F79EFBC}") = "Models", "Models\Models.csproj", "{41E3916F-FC06-4DB0-8580-D2685BC87C25}"
EndProject
Project("{FAE04EC0-301F-11D3-BF4B-00C04F79EFBC}") = "Contracts", "Contracts\Contracts.csproj", "{49F9F93E-429D-4A01-A818-1C52CEFA363F}"
EndProject
Project("{FAE04EC0-301F-11D3-BF4B-00C04F79EFBC}") = "MVC", "MVC\MVC.csproj", "{E35B0323-5C95-4BFA-84CC-7B2EFB9B3636}"
EndProject
Project("{FAE04EC0-301F-11D3-BF4B-00C04F79EFBC}") = "UnitTests", "UnitTest1\UnitTests.csproj", "{0099FCCC-DFAE-43AF-ACF0-6C833247B506}"
EndProject
Global
	GlobalSection(SolutionConfigurationPlatforms) = preSolution
		Debug|Any CPU = Debug|Any CPU
		Release|Any CPU = Release|Any CPU
	EndGlobalSection
	GlobalSection(ProjectConfigurationPlatforms) = postSolution
		{76CB1E68-26D3-4941-828A-BF3D4E22A358}.Debug|Any CPU.ActiveCfg = Debug|Any CPU
		{76CB1E68-26D3-4941-828A-BF3D4E22A358}.Debug|Any CPU.Build.0 = Debug|Any CPU
		{76CB1E68-26D3-4941-828A-BF3D4E22A358}.Release|Any CPU.ActiveCfg = Release|Any CPU
		{76CB1E68-26D3-4941-828A-BF3D4E22A358}.Release|Any CPU.Build.0 = Release|Any CPU
		{E1F8610B-2673-4346-AFC3-D5142C515F37}.Debug|Any CPU.ActiveCfg = Debug|Any CPU
		{E1F8610B-2673-4346-AFC3-D5142C515F37}.Debug|Any CPU.Build.0 = Debug|Any CPU
		{E1F8610B-2673-4346-AFC3-D5142C515F37}.Release|Any CPU.ActiveCfg = Release|Any CPU
		{E1F8610B-2673-4346-AFC3-D5142C515F37}.Release|Any CPU.Build.0 = Release|Any CPU
		{4D5C8A2B-546B-4599-8922-D43D1A4EE9A1}.Debug|Any CPU.ActiveCfg = Debug|Any CPU
		{4D5C8A2B-546B-4599-8922-D43D1A4EE9A1}.Debug|Any CPU.Build.0 = Debug|Any CPU
		{4D5C8A2B-546B-4599-8922-D43D1A4EE9A1}.Release|Any CPU.ActiveCfg = Release|Any CPU
		{4D5C8A2B-546B-4599-8922-D43D1A4EE9A1}.Release|Any CPU.Build.0 = Release|Any CPU
		{41E3916F-FC06-4DB0-8580-D2685BC87C25}.Debug|Any CPU.ActiveCfg = Debug|Any CPU
		{41E3916F-FC06-4DB0-8580-D2685BC87C25}.Debug|Any CPU.Build.0 = Debug|Any CPU
		{41E3916F-FC06-4DB0-8580-D2685BC87C25}.Release|Any CPU.ActiveCfg = Release|Any CPU
		{41E3916F-FC06-4DB0-8580-D2685BC87C25}.Release|Any CPU.Build.0 = Release|Any CPU
		{49F9F93E-429D-4A01-A818-1C52CEFA363F}.Debug|Any CPU.ActiveCfg = Debug|Any CPU
		{49F9F93E-429D-4A01-A818-1C52CEFA363F}.Debug|Any CPU.Build.0 = Debug|Any CPU
		{49F9F93E-429D-4A01-A818-1C52CEFA363F}.Release|Any CPU.ActiveCfg = Release|Any CPU
		{49F9F93E-429D-4A01-A818-1C52CEFA363F}.Release|Any CPU.Build.0 = Release|Any CPU
		{E35B0323-5C95-4BFA-84CC-7B2EFB9B3636}.Debug|Any CPU.ActiveCfg = Debug|Any CPU
		{E35B0323-5C95-4BFA-84CC-7B2EFB9B3636}.Debug|Any CPU.Build.0 = Debug|Any CPU
		{E35B0323-5C95-4BFA-84CC-7B2EFB9B3636}.Release|Any CPU.ActiveCfg = Release|Any CPU
		{E35B0323-5C95-4BFA-84CC-7B2EFB9B3636}.Release|Any CPU.Build.0 = Release|Any CPU
		{0099FCCC-DFAE-43AF-ACF0-6C833247B506}.Debug|Any CPU.ActiveCfg = Debug|Any CPU
		{0099FCCC-DFAE-43AF-ACF0-6C833247B506}.Debug|Any CPU.Build.0 = Debug|Any CPU
		{0099FCCC-DFAE-43AF-ACF0-6C833247B506}.Release|Any CPU.ActiveCfg = Release|Any CPU
		{0099FCCC-DFAE-43AF-ACF0-6C833247B506}.Release|Any CPU.Build.0 = Release|Any CPU
	EndGlobalSection
	GlobalSection(SolutionProperties) = preSolution
		HideSolutionNode = FALSE
	EndGlobalSection
	GlobalSection(ExtensibilityGlobals) = postSolution
		SolutionGuid = {101DA134-ACD5-4EE4-8A05-4E2531CC5D30}
	EndGlobalSection
EndGlobal
