
Microsoft Visual Studio Solution File, Format Version 12.00
# Visual Studio Version 16
VisualStudioVersion = 16.0.29926.136
MinimumVisualStudioVersion = 10.0.40219.1
Project("{FAE04EC0-301F-11D3-BF4B-00C04F79EFBC}") = "WebApplication1", "WebApplication1\WebApplication1.csproj", "{2A862178-AE0C-411C-98A7-81D5E7120C2C}"
EndProject
Project("{FAE04EC0-301F-11D3-BF4B-00C04F79EFBC}") = "WebApplication1.Tests", "WebApplication1.Tests\WebApplication1.Tests.csproj", "{62A05B0F-17FE-4FDE-80D4-85FBCD34BDB1}"
EndProject
Project("{FAE04EC0-301F-11D3-BF4B-00C04F79EFBC}") = "Data", "Data\Data.csproj", "{4484D590-1F81-47B4-B0FB-028B02ED296E}"
EndProject
Project("{FAE04EC0-301F-11D3-BF4B-00C04F79EFBC}") = "Models", "Models\Models.csproj", "{9700C234-FBA8-4518-AD58-361C71EBFC54}"
EndProject
Project("{FAE04EC0-301F-11D3-BF4B-00C04F79EFBC}") = "Services", "Services\Services.csproj", "{ED32A577-E1BC-41DB-81EA-602F7965C7D0}"
EndProject
Project("{FAE04EC0-301F-11D3-BF4B-00C04F79EFBC}") = "Contracts", "Contracts\Contracts.csproj", "{1D586E3F-00CF-48E2-96FD-2767D912A3C7}"
EndProject
Global
	GlobalSection(SolutionConfigurationPlatforms) = preSolution
		Debug|Any CPU = Debug|Any CPU
		Release|Any CPU = Release|Any CPU
	EndGlobalSection
	GlobalSection(ProjectConfigurationPlatforms) = postSolution
		{2A862178-AE0C-411C-98A7-81D5E7120C2C}.Debug|Any CPU.ActiveCfg = Debug|Any CPU
		{2A862178-AE0C-411C-98A7-81D5E7120C2C}.Debug|Any CPU.Build.0 = Debug|Any CPU
		{2A862178-AE0C-411C-98A7-81D5E7120C2C}.Release|Any CPU.ActiveCfg = Release|Any CPU
		{2A862178-AE0C-411C-98A7-81D5E7120C2C}.Release|Any CPU.Build.0 = Release|Any CPU
		{62A05B0F-17FE-4FDE-80D4-85FBCD34BDB1}.Debug|Any CPU.ActiveCfg = Debug|Any CPU
		{62A05B0F-17FE-4FDE-80D4-85FBCD34BDB1}.Debug|Any CPU.Build.0 = Debug|Any CPU
		{62A05B0F-17FE-4FDE-80D4-85FBCD34BDB1}.Release|Any CPU.ActiveCfg = Release|Any CPU
		{62A05B0F-17FE-4FDE-80D4-85FBCD34BDB1}.Release|Any CPU.Build.0 = Release|Any CPU
		{4484D590-1F81-47B4-B0FB-028B02ED296E}.Debug|Any CPU.ActiveCfg = Debug|Any CPU
		{4484D590-1F81-47B4-B0FB-028B02ED296E}.Debug|Any CPU.Build.0 = Debug|Any CPU
		{4484D590-1F81-47B4-B0FB-028B02ED296E}.Release|Any CPU.ActiveCfg = Release|Any CPU
		{4484D590-1F81-47B4-B0FB-028B02ED296E}.Release|Any CPU.Build.0 = Release|Any CPU
		{9700C234-FBA8-4518-AD58-361C71EBFC54}.Debug|Any CPU.ActiveCfg = Debug|Any CPU
		{9700C234-FBA8-4518-AD58-361C71EBFC54}.Debug|Any CPU.Build.0 = Debug|Any CPU
		{9700C234-FBA8-4518-AD58-361C71EBFC54}.Release|Any CPU.ActiveCfg = Release|Any CPU
		{9700C234-FBA8-4518-AD58-361C71EBFC54}.Release|Any CPU.Build.0 = Release|Any CPU
		{ED32A577-E1BC-41DB-81EA-602F7965C7D0}.Debug|Any CPU.ActiveCfg = Debug|Any CPU
		{ED32A577-E1BC-41DB-81EA-602F7965C7D0}.Debug|Any CPU.Build.0 = Debug|Any CPU
		{ED32A577-E1BC-41DB-81EA-602F7965C7D0}.Release|Any CPU.ActiveCfg = Release|Any CPU
		{ED32A577-E1BC-41DB-81EA-602F7965C7D0}.Release|Any CPU.Build.0 = Release|Any CPU
		{1D586E3F-00CF-48E2-96FD-2767D912A3C7}.Debug|Any CPU.ActiveCfg = Debug|Any CPU
		{1D586E3F-00CF-48E2-96FD-2767D912A3C7}.Debug|Any CPU.Build.0 = Debug|Any CPU
		{1D586E3F-00CF-48E2-96FD-2767D912A3C7}.Release|Any CPU.ActiveCfg = Release|Any CPU
		{1D586E3F-00CF-48E2-96FD-2767D912A3C7}.Release|Any CPU.Build.0 = Release|Any CPU
	EndGlobalSection
	GlobalSection(SolutionProperties) = preSolution
		HideSolutionNode = FALSE
	EndGlobalSection
	GlobalSection(ExtensibilityGlobals) = postSolution
		SolutionGuid = {C0BAD0EC-C383-418C-A0B2-B9E3F4231266}
	EndGlobalSection
EndGlobal
